
Microsoft Visual Studio Solution File, Format Version 12.00
# Visual Studio Version 16
VisualStudioVersion = 16.0.32228.343
MinimumVisualStudioVersion = 10.0.40219.1
Project("{FAE04EC0-301F-11D3-BF4B-00C04F79EFBC}") = "TecBeatsSample", "TecBeatsSample\TecBeatsSample.csproj", "{C7CC1A6C-2FE1-483E-A9A2-BC98CAE5598A}"
EndProject
Global
	GlobalSection(SolutionConfigurationPlatforms) = preSolution
		Debug|Any CPU = Debug|Any CPU
		Release|Any CPU = Release|Any CPU
	EndGlobalSection
	GlobalSection(ProjectConfigurationPlatforms) = postSolution
		{C7CC1A6C-2FE1-483E-A9A2-BC98CAE5598A}.Debug|Any CPU.ActiveCfg = Debug|Any CPU
		{C7CC1A6C-2FE1-483E-A9A2-BC98CAE5598A}.Debug|Any CPU.Build.0 = Debug|Any CPU
		{C7CC1A6C-2FE1-483E-A9A2-BC98CAE5598A}.Release|Any CPU.ActiveCfg = Release|Any CPU
		{C7CC1A6C-2FE1-483E-A9A2-BC98CAE5598A}.Release|Any CPU.Build.0 = Release|Any CPU
	EndGlobalSection
	GlobalSection(SolutionProperties) = preSolution
		HideSolutionNode = FALSE
	EndGlobalSection
	GlobalSection(ExtensibilityGlobals) = postSolution
		SolutionGuid = {BA7A51D6-45D2-4C6D-B86C-65AC85E81C82}
	EndGlobalSection
EndGlobal
